
Microsoft Visual Studio Solution File, Format Version 12.00
# Visual Studio Version 17
VisualStudioVersion = 17.9.34714.143
MinimumVisualStudioVersion = 10.0.40219.1
Project("{2150E333-8FDC-42A3-9474-1A3956D46DE8}") = "Solution Items", "Solution Items", "{6116AE23-F8CE-4FFE-BB8F-8A1269765120}"
	ProjectSection(SolutionItems) = preProject
		..\..\README.md = ..\..\README.md
	EndProjectSection
EndProject
Project("{9A19103F-16F7-4668-BE54-9A1E7A4F7556}") = "Exercicio01", "Exercicio01\Exercicio01.csproj", "{88B2BA2B-B59C-4D5A-B027-6840E052F5BD}"
EndProject
Project("{9A19103F-16F7-4668-BE54-9A1E7A4F7556}") = "Exercicio02", "Exercicio02\Exercicio02.csproj", "{BD90709A-10FB-4F38-A40C-08CAA41E6D6F}"
EndProject
Project("{9A19103F-16F7-4668-BE54-9A1E7A4F7556}") = "Exercise03", "Car\Exercise03.csproj", "{ECF8407F-869B-4A43-84B6-B91BB3D87E6F}"
EndProject
Project("{9A19103F-16F7-4668-BE54-9A1E7A4F7556}") = "Exercise4", "Exercise4\Exercise4.csproj", "{6C117925-9F5A-43C2-AE3F-57F67B69891C}"
EndProject
Project("{9A19103F-16F7-4668-BE54-9A1E7A4F7556}") = "Exercise05", "Exercise05\Exercise05.csproj", "{8B77DD2A-05B2-40BA-B66E-86B7B43B58A3}"
EndProject
Project("{9A19103F-16F7-4668-BE54-9A1E7A4F7556}") = "Exercise06", "Exercise06\Exercise06.csproj", "{751FBF17-DD2C-42ED-8BC5-CC00D1BA7711}"
EndProject
Project("{9A19103F-16F7-4668-BE54-9A1E7A4F7556}") = "Exercice07", "Exercice07\Exercice07.csproj", "{DA1CF05C-8017-469C-A53C-835E4A93211D}"
EndProject
Project("{9A19103F-16F7-4668-BE54-9A1E7A4F7556}") = "Exercise08", "Exercise08\Exercise08.csproj", "{4CF4EFB7-5621-4E81-872A-41A73E7870CC}"
EndProject
Project("{9A19103F-16F7-4668-BE54-9A1E7A4F7556}") = "Exercise09", "Exercise09\Exercise09.csproj", "{2C3EFD15-CDC6-4B7B-A40D-5F1AC41CA671}"
EndProject
Project("{9A19103F-16F7-4668-BE54-9A1E7A4F7556}") = "Exercise10", "Exercise10\Exercise10.csproj", "{DB3F948C-08A6-43AA-B848-81575D20ABE1}"
EndProject
Project("{9A19103F-16F7-4668-BE54-9A1E7A4F7556}") = "Exercise11", "Exercise11\Exercise11.csproj", "{24A39BE0-F15D-47B0-947F-5D6AAB98367E}"
EndProject
Project("{9A19103F-16F7-4668-BE54-9A1E7A4F7556}") = "Exercise12", "Exercise12\Exercise12.csproj", "{1CD29AAF-2D26-4856-B83C-5AEF342D020C}"
EndProject
Project("{FAE04EC0-301F-11D3-BF4B-00C04F79EFBC}") = "Exercise13", "Exercise13\Exercise13.csproj", "{B150CE87-F374-420A-8889-F55D5D159BED}"
EndProject
Global
	GlobalSection(SolutionConfigurationPlatforms) = preSolution
		Debug|Any CPU = Debug|Any CPU
		Release|Any CPU = Release|Any CPU
	EndGlobalSection
	GlobalSection(ProjectConfigurationPlatforms) = postSolution
		{88B2BA2B-B59C-4D5A-B027-6840E052F5BD}.Debug|Any CPU.ActiveCfg = Debug|Any CPU
		{88B2BA2B-B59C-4D5A-B027-6840E052F5BD}.Debug|Any CPU.Build.0 = Debug|Any CPU
		{88B2BA2B-B59C-4D5A-B027-6840E052F5BD}.Release|Any CPU.ActiveCfg = Release|Any CPU
		{88B2BA2B-B59C-4D5A-B027-6840E052F5BD}.Release|Any CPU.Build.0 = Release|Any CPU
		{BD90709A-10FB-4F38-A40C-08CAA41E6D6F}.Debug|Any CPU.ActiveCfg = Debug|Any CPU
		{BD90709A-10FB-4F38-A40C-08CAA41E6D6F}.Debug|Any CPU.Build.0 = Debug|Any CPU
		{BD90709A-10FB-4F38-A40C-08CAA41E6D6F}.Release|Any CPU.ActiveCfg = Release|Any CPU
		{BD90709A-10FB-4F38-A40C-08CAA41E6D6F}.Release|Any CPU.Build.0 = Release|Any CPU
		{ECF8407F-869B-4A43-84B6-B91BB3D87E6F}.Debug|Any CPU.ActiveCfg = Debug|Any CPU
		{ECF8407F-869B-4A43-84B6-B91BB3D87E6F}.Debug|Any CPU.Build.0 = Debug|Any CPU
		{ECF8407F-869B-4A43-84B6-B91BB3D87E6F}.Release|Any CPU.ActiveCfg = Release|Any CPU
		{ECF8407F-869B-4A43-84B6-B91BB3D87E6F}.Release|Any CPU.Build.0 = Release|Any CPU
		{6C117925-9F5A-43C2-AE3F-57F67B69891C}.Debug|Any CPU.ActiveCfg = Debug|Any CPU
		{6C117925-9F5A-43C2-AE3F-57F67B69891C}.Debug|Any CPU.Build.0 = Debug|Any CPU
		{6C117925-9F5A-43C2-AE3F-57F67B69891C}.Release|Any CPU.ActiveCfg = Release|Any CPU
		{6C117925-9F5A-43C2-AE3F-57F67B69891C}.Release|Any CPU.Build.0 = Release|Any CPU
		{8B77DD2A-05B2-40BA-B66E-86B7B43B58A3}.Debug|Any CPU.ActiveCfg = Debug|Any CPU
		{8B77DD2A-05B2-40BA-B66E-86B7B43B58A3}.Debug|Any CPU.Build.0 = Debug|Any CPU
		{8B77DD2A-05B2-40BA-B66E-86B7B43B58A3}.Release|Any CPU.ActiveCfg = Release|Any CPU
		{8B77DD2A-05B2-40BA-B66E-86B7B43B58A3}.Release|Any CPU.Build.0 = Release|Any CPU
		{751FBF17-DD2C-42ED-8BC5-CC00D1BA7711}.Debug|Any CPU.ActiveCfg = Debug|Any CPU
		{751FBF17-DD2C-42ED-8BC5-CC00D1BA7711}.Debug|Any CPU.Build.0 = Debug|Any CPU
		{751FBF17-DD2C-42ED-8BC5-CC00D1BA7711}.Release|Any CPU.ActiveCfg = Release|Any CPU
		{751FBF17-DD2C-42ED-8BC5-CC00D1BA7711}.Release|Any CPU.Build.0 = Release|Any CPU
		{DA1CF05C-8017-469C-A53C-835E4A93211D}.Debug|Any CPU.ActiveCfg = Debug|Any CPU
		{DA1CF05C-8017-469C-A53C-835E4A93211D}.Debug|Any CPU.Build.0 = Debug|Any CPU
		{DA1CF05C-8017-469C-A53C-835E4A93211D}.Release|Any CPU.ActiveCfg = Release|Any CPU
		{DA1CF05C-8017-469C-A53C-835E4A93211D}.Release|Any CPU.Build.0 = Release|Any CPU
		{4CF4EFB7-5621-4E81-872A-41A73E7870CC}.Debug|Any CPU.ActiveCfg = Debug|Any CPU
		{4CF4EFB7-5621-4E81-872A-41A73E7870CC}.Debug|Any CPU.Build.0 = Debug|Any CPU
		{4CF4EFB7-5621-4E81-872A-41A73E7870CC}.Release|Any CPU.ActiveCfg = Release|Any CPU
		{4CF4EFB7-5621-4E81-872A-41A73E7870CC}.Release|Any CPU.Build.0 = Release|Any CPU
		{2C3EFD15-CDC6-4B7B-A40D-5F1AC41CA671}.Debug|Any CPU.ActiveCfg = Debug|Any CPU
		{2C3EFD15-CDC6-4B7B-A40D-5F1AC41CA671}.Debug|Any CPU.Build.0 = Debug|Any CPU
		{2C3EFD15-CDC6-4B7B-A40D-5F1AC41CA671}.Release|Any CPU.ActiveCfg = Release|Any CPU
		{2C3EFD15-CDC6-4B7B-A40D-5F1AC41CA671}.Release|Any CPU.Build.0 = Release|Any CPU
		{DB3F948C-08A6-43AA-B848-81575D20ABE1}.Debug|Any CPU.ActiveCfg = Debug|Any CPU
		{DB3F948C-08A6-43AA-B848-81575D20ABE1}.Debug|Any CPU.Build.0 = Debug|Any CPU
		{DB3F948C-08A6-43AA-B848-81575D20ABE1}.Release|Any CPU.ActiveCfg = Release|Any CPU
		{DB3F948C-08A6-43AA-B848-81575D20ABE1}.Release|Any CPU.Build.0 = Release|Any CPU
		{24A39BE0-F15D-47B0-947F-5D6AAB98367E}.Debug|Any CPU.ActiveCfg = Debug|Any CPU
		{24A39BE0-F15D-47B0-947F-5D6AAB98367E}.Debug|Any CPU.Build.0 = Debug|Any CPU
		{24A39BE0-F15D-47B0-947F-5D6AAB98367E}.Release|Any CPU.ActiveCfg = Release|Any CPU
		{24A39BE0-F15D-47B0-947F-5D6AAB98367E}.Release|Any CPU.Build.0 = Release|Any CPU
		{1CD29AAF-2D26-4856-B83C-5AEF342D020C}.Debug|Any CPU.ActiveCfg = Debug|Any CPU
		{1CD29AAF-2D26-4856-B83C-5AEF342D020C}.Debug|Any CPU.Build.0 = Debug|Any CPU
		{1CD29AAF-2D26-4856-B83C-5AEF342D020C}.Release|Any CPU.ActiveCfg = Release|Any CPU
		{1CD29AAF-2D26-4856-B83C-5AEF342D020C}.Release|Any CPU.Build.0 = Release|Any CPU
		{B150CE87-F374-420A-8889-F55D5D159BED}.Debug|Any CPU.ActiveCfg = Debug|Any CPU
		{B150CE87-F374-420A-8889-F55D5D159BED}.Debug|Any CPU.Build.0 = Debug|Any CPU
		{B150CE87-F374-420A-8889-F55D5D159BED}.Release|Any CPU.ActiveCfg = Release|Any CPU
		{B150CE87-F374-420A-8889-F55D5D159BED}.Release|Any CPU.Build.0 = Release|Any CPU
	EndGlobalSection
	GlobalSection(SolutionProperties) = preSolution
		HideSolutionNode = FALSE
	EndGlobalSection
	GlobalSection(ExtensibilityGlobals) = postSolution
		SolutionGuid = {065D60E2-E288-49C6-9F6D-A845D255A6EA}
	EndGlobalSection
EndGlobal
